
Microsoft Visual Studio Solution File, Format Version 12.00
Project("{FAE04EC0-301F-11D3-BF4B-00C04F79EFBC}") = "Day.One.HistorianHysteria", "Day.One.HistorianHysteria\Day.One.HistorianHysteria.csproj", "{F38D3F86-D340-4600-96B9-B74842E7A046}"
EndProject
Project("{FAE04EC0-301F-11D3-BF4B-00C04F79EFBC}") = "Day.Two.RedNosedReports", "Day.Two.RedNosedReports\Day.Two.RedNosedReports.csproj", "{007689BD-E5AF-499B-A6CE-90A769251B5A}"
EndProject
Project("{FAE04EC0-301F-11D3-BF4B-00C04F79EFBC}") = "Shared.Code", "Shared.Code\Shared.Code.csproj", "{6AA4CE9C-6DAE-4927-A58E-1831833657EA}"
EndProject
Project("{FAE04EC0-301F-11D3-BF4B-00C04F79EFBC}") = "Day.Three.MullItOver", "Day.Three.MullItOver\Day.Three.MullItOver.csproj", "{28FAD7E2-F5D8-4644-B962-A353BF5428DB}"
EndProject
Project("{FAE04EC0-301F-11D3-BF4B-00C04F79EFBC}") = "Day.Four.CeresSearch", "Day.Four.CeresSearch\Day.Four.CeresSearch.csproj", "{25585FAD-4C08-4127-9058-E5EEA50D7391}"
EndProject
Project("{FAE04EC0-301F-11D3-BF4B-00C04F79EFBC}") = "Day.Five.PrintQueue", "Day.Five.PrintQueue\Day.Five.PrintQueue.csproj", "{31F795B2-0480-40BA-8B73-ECBB12897CFE}"
EndProject
Global
	GlobalSection(SolutionConfigurationPlatforms) = preSolution
		Debug|Any CPU = Debug|Any CPU
		Release|Any CPU = Release|Any CPU
	EndGlobalSection
	GlobalSection(ProjectConfigurationPlatforms) = postSolution
		{F38D3F86-D340-4600-96B9-B74842E7A046}.Debug|Any CPU.ActiveCfg = Debug|Any CPU
		{F38D3F86-D340-4600-96B9-B74842E7A046}.Debug|Any CPU.Build.0 = Debug|Any CPU
		{F38D3F86-D340-4600-96B9-B74842E7A046}.Release|Any CPU.ActiveCfg = Release|Any CPU
		{F38D3F86-D340-4600-96B9-B74842E7A046}.Release|Any CPU.Build.0 = Release|Any CPU
		{007689BD-E5AF-499B-A6CE-90A769251B5A}.Debug|Any CPU.ActiveCfg = Debug|Any CPU
		{007689BD-E5AF-499B-A6CE-90A769251B5A}.Debug|Any CPU.Build.0 = Debug|Any CPU
		{007689BD-E5AF-499B-A6CE-90A769251B5A}.Release|Any CPU.ActiveCfg = Release|Any CPU
		{007689BD-E5AF-499B-A6CE-90A769251B5A}.Release|Any CPU.Build.0 = Release|Any CPU
		{6AA4CE9C-6DAE-4927-A58E-1831833657EA}.Debug|Any CPU.ActiveCfg = Debug|Any CPU
		{6AA4CE9C-6DAE-4927-A58E-1831833657EA}.Debug|Any CPU.Build.0 = Debug|Any CPU
		{6AA4CE9C-6DAE-4927-A58E-1831833657EA}.Release|Any CPU.ActiveCfg = Release|Any CPU
		{6AA4CE9C-6DAE-4927-A58E-1831833657EA}.Release|Any CPU.Build.0 = Release|Any CPU
		{28FAD7E2-F5D8-4644-B962-A353BF5428DB}.Debug|Any CPU.ActiveCfg = Debug|Any CPU
		{28FAD7E2-F5D8-4644-B962-A353BF5428DB}.Debug|Any CPU.Build.0 = Debug|Any CPU
		{28FAD7E2-F5D8-4644-B962-A353BF5428DB}.Release|Any CPU.ActiveCfg = Release|Any CPU
		{28FAD7E2-F5D8-4644-B962-A353BF5428DB}.Release|Any CPU.Build.0 = Release|Any CPU
		{25585FAD-4C08-4127-9058-E5EEA50D7391}.Debug|Any CPU.ActiveCfg = Debug|Any CPU
		{25585FAD-4C08-4127-9058-E5EEA50D7391}.Debug|Any CPU.Build.0 = Debug|Any CPU
		{25585FAD-4C08-4127-9058-E5EEA50D7391}.Release|Any CPU.ActiveCfg = Release|Any CPU
		{25585FAD-4C08-4127-9058-E5EEA50D7391}.Release|Any CPU.Build.0 = Release|Any CPU
		{31F795B2-0480-40BA-8B73-ECBB12897CFE}.Debug|Any CPU.ActiveCfg = Debug|Any CPU
		{31F795B2-0480-40BA-8B73-ECBB12897CFE}.Debug|Any CPU.Build.0 = Debug|Any CPU
		{31F795B2-0480-40BA-8B73-ECBB12897CFE}.Release|Any CPU.ActiveCfg = Release|Any CPU
		{31F795B2-0480-40BA-8B73-ECBB12897CFE}.Release|Any CPU.Build.0 = Release|Any CPU
	EndGlobalSection
EndGlobal
